// !$*UTF8*$!
{
	archiveVersion = 1;
	classes = {
	};
	objectVersion = 50;
	objects = {

/* Begin PBXBuildFile section */
		492BCFC1251FDD6800966F01 /* Landmark.swift in Sources */ = {isa = PBXBuildFile; fileRef = 492BCFBF251FDD6800966F01 /* Landmark.swift */; };
		492BCFC2251FDD6800966F01 /* Data.swift in Sources */ = {isa = PBXBuildFile; fileRef = 492BCFC0251FDD6800966F01 /* Data.swift */; };
		492BCFDF2520030000966F01 /* LandmarkRow.swift in Sources */ = {isa = PBXBuildFile; fileRef = 492BCFDE2520030000966F01 /* LandmarkRow.swift */; };
		493AA6CF25214D8C005B9EEE /* HexagonParameters.swift in Sources */ = {isa = PBXBuildFile; fileRef = 493AA6CE25214D8C005B9EEE /* HexagonParameters.swift */; };
		493AA6D12521546F005B9EEE /* BadgeBackground.swift in Sources */ = {isa = PBXBuildFile; fileRef = 493AA6D02521546F005B9EEE /* BadgeBackground.swift */; };
		493C13F925204F2B0017807F /* stmarylake.jpg in Resources */ = {isa = PBXBuildFile; fileRef = 493C13EC25204F2A0017807F /* stmarylake.jpg */; };
		493C13FA25204F2B0017807F /* charleyrivers.jpg in Resources */ = {isa = PBXBuildFile; fileRef = 493C13ED25204F2A0017807F /* charleyrivers.jpg */; };
		493C13FB25204F2B0017807F /* umbagog.jpg in Resources */ = {isa = PBXBuildFile; fileRef = 493C13EE25204F2A0017807F /* umbagog.jpg */; };
		493C13FC25204F2B0017807F /* icybay.jpg in Resources */ = {isa = PBXBuildFile; fileRef = 493C13EF25204F2A0017807F /* icybay.jpg */; };
		493C13FD25204F2B0017807F /* chincoteague.jpg in Resources */ = {isa = PBXBuildFile; fileRef = 493C13F025204F2A0017807F /* chincoteague.jpg */; };
		493C13FE25204F2B0017807F /* hiddenlake.jpg in Resources */ = {isa = PBXBuildFile; fileRef = 493C13F125204F2A0017807F /* hiddenlake.jpg */; };
		493C13FF25204F2B0017807F /* twinlake.jpg in Resources */ = {isa = PBXBuildFile; fileRef = 493C13F225204F2A0017807F /* twinlake.jpg */; };
		493C140025204F2B0017807F /* chilkoottrail.jpg in Resources */ = {isa = PBXBuildFile; fileRef = 493C13F325204F2A0017807F /* chilkoottrail.jpg */; };
		493C140125204F2B0017807F /* lakemcdonald.jpg in Resources */ = {isa = PBXBuildFile; fileRef = 493C13F425204F2A0017807F /* lakemcdonald.jpg */; };
		493C140225204F2B0017807F /* rainbowlake.jpg in Resources */ = {isa = PBXBuildFile; fileRef = 493C13F525204F2A0017807F /* rainbowlake.jpg */; };
		493C140325204F2B0017807F /* silversalmoncreek.jpg in Resources */ = {isa = PBXBuildFile; fileRef = 493C13F625204F2A0017807F /* silversalmoncreek.jpg */; };
		493C140425204F2B0017807F /* turtlerock.jpg in Resources */ = {isa = PBXBuildFile; fileRef = 493C13F725204F2A0017807F /* turtlerock.jpg */; };
		493C140525204F2B0017807F /* landmarkData.json in Resources */ = {isa = PBXBuildFile; fileRef = 493C13F825204F2B0017807F /* landmarkData.json */; };
		493C1407252060C50017807F /* UserData.swift in Sources */ = {isa = PBXBuildFile; fileRef = 493C1406252060C50017807F /* UserData.swift */; };
		494A6C312520091B00DE4963 /* LandmarkList.swift in Sources */ = {isa = PBXBuildFile; fileRef = 494A6C302520091B00DE4963 /* LandmarkList.swift */; };
		495CAAB0251C4973007D43B9 /* AppDelegate.swift in Sources */ = {isa = PBXBuildFile; fileRef = 495CAAAF251C4973007D43B9 /* AppDelegate.swift */; };
		495CAAB2251C4973007D43B9 /* SceneDelegate.swift in Sources */ = {isa = PBXBuildFile; fileRef = 495CAAB1251C4973007D43B9 /* SceneDelegate.swift */; };
		495CAAB4251C4973007D43B9 /* LandmarkDetail.swift in Sources */ = {isa = PBXBuildFile; fileRef = 495CAAB3251C4973007D43B9 /* LandmarkDetail.swift */; };
		495CAAB6251C4974007D43B9 /* Assets.xcassets in Resources */ = {isa = PBXBuildFile; fileRef = 495CAAB5251C4974007D43B9 /* Assets.xcassets */; };
		495CAAB9251C4974007D43B9 /* Preview Assets.xcassets in Resources */ = {isa = PBXBuildFile; fileRef = 495CAAB8251C4974007D43B9 /* Preview Assets.xcassets */; };
		495CAABC251C4974007D43B9 /* LaunchScreen.storyboard in Resources */ = {isa = PBXBuildFile; fileRef = 495CAABA251C4974007D43B9 /* LaunchScreen.storyboard */; };
		495CAAC4251C4F16007D43B9 /* CircleImage.swift in Sources */ = {isa = PBXBuildFile; fileRef = 495CAAC3251C4F16007D43B9 /* CircleImage.swift */; };
		495CAAC8251C5119007D43B9 /* MapView.swift in Sources */ = {isa = PBXBuildFile; fileRef = 495CAAC7251C5119007D43B9 /* MapView.swift */; };
		49EA86CD2522AB4C00FBA363 /* Badge.swift in Sources */ = {isa = PBXBuildFile; fileRef = 49EA86CC2522AB4C00FBA363 /* Badge.swift */; };
		49EA86CF2522ABCD00FBA363 /* BadgeSymbol.swift in Sources */ = {isa = PBXBuildFile; fileRef = 49EA86CE2522ABCD00FBA363 /* BadgeSymbol.swift */; };
/* End PBXBuildFile section */

/* Begin PBXFileReference section */
		492BCFBF251FDD6800966F01 /* Landmark.swift */ = {isa = PBXFileReference; fileEncoding = 4; lastKnownFileType = sourcecode.swift; path = Landmark.swift; sourceTree = "<group>"; };
		492BCFC0251FDD6800966F01 /* Data.swift */ = {isa = PBXFileReference; fileEncoding = 4; lastKnownFileType = sourcecode.swift; path = Data.swift; sourceTree = "<group>"; };
		492BCFDE2520030000966F01 /* LandmarkRow.swift */ = {isa = PBXFileReference; lastKnownFileType = sourcecode.swift; path = LandmarkRow.swift; sourceTree = "<group>"; };
		493AA6CE25214D8C005B9EEE /* HexagonParameters.swift */ = {isa = PBXFileReference; fileEncoding = 4; lastKnownFileType = sourcecode.swift; path = HexagonParameters.swift; sourceTree = "<group>"; };
		493AA6D02521546F005B9EEE /* BadgeBackground.swift */ = {isa = PBXFileReference; lastKnownFileType = sourcecode.swift; path = BadgeBackground.swift; sourceTree = "<group>"; };
		493C13EC25204F2A0017807F /* stmarylake.jpg */ = {isa = PBXFileReference; lastKnownFileType = image.jpeg; path = stmarylake.jpg; sourceTree = "<group>"; };
		493C13ED25204F2A0017807F /* charleyrivers.jpg */ = {isa = PBXFileReference; lastKnownFileType = image.jpeg; path = charleyrivers.jpg; sourceTree = "<group>"; };
		493C13EE25204F2A0017807F /* umbagog.jpg */ = {isa = PBXFileReference; lastKnownFileType = image.jpeg; path = umbagog.jpg; sourceTree = "<group>"; };
		493C13EF25204F2A0017807F /* icybay.jpg */ = {isa = PBXFileReference; lastKnownFileType = image.jpeg; path = icybay.jpg; sourceTree = "<group>"; };
		493C13F025204F2A0017807F /* chincoteague.jpg */ = {isa = PBXFileReference; lastKnownFileType = image.jpeg; path = chincoteague.jpg; sourceTree = "<group>"; };
		493C13F125204F2A0017807F /* hiddenlake.jpg */ = {isa = PBXFileReference; lastKnownFileType = image.jpeg; path = hiddenlake.jpg; sourceTree = "<group>"; };
		493C13F225204F2A0017807F /* twinlake.jpg */ = {isa = PBXFileReference; lastKnownFileType = image.jpeg; path = twinlake.jpg; sourceTree = "<group>"; };
		493C13F325204F2A0017807F /* chilkoottrail.jpg */ = {isa = PBXFileReference; lastKnownFileType = image.jpeg; path = chilkoottrail.jpg; sourceTree = "<group>"; };
		493C13F425204F2A0017807F /* lakemcdonald.jpg */ = {isa = PBXFileReference; lastKnownFileType = image.jpeg; path = lakemcdonald.jpg; sourceTree = "<group>"; };
		493C13F525204F2A0017807F /* rainbowlake.jpg */ = {isa = PBXFileReference; lastKnownFileType = image.jpeg; path = rainbowlake.jpg; sourceTree = "<group>"; };
		493C13F625204F2A0017807F /* silversalmoncreek.jpg */ = {isa = PBXFileReference; lastKnownFileType = image.jpeg; path = silversalmoncreek.jpg; sourceTree = "<group>"; };
		493C13F725204F2A0017807F /* turtlerock.jpg */ = {isa = PBXFileReference; lastKnownFileType = image.jpeg; path = turtlerock.jpg; sourceTree = "<group>"; };
		493C13F825204F2B0017807F /* landmarkData.json */ = {isa = PBXFileReference; fileEncoding = 4; lastKnownFileType = text.json; path = landmarkData.json; sourceTree = "<group>"; };
		493C1406252060C50017807F /* UserData.swift */ = {isa = PBXFileReference; lastKnownFileType = sourcecode.swift; path = UserData.swift; sourceTree = "<group>"; };
		494A6C302520091B00DE4963 /* LandmarkList.swift */ = {isa = PBXFileReference; lastKnownFileType = sourcecode.swift; path = LandmarkList.swift; sourceTree = "<group>"; };
		495CAAAC251C4973007D43B9 /* landmarks.app */ = {isa = PBXFileReference; explicitFileType = wrapper.application; includeInIndex = 0; path = landmarks.app; sourceTree = BUILT_PRODUCTS_DIR; };
		495CAAAF251C4973007D43B9 /* AppDelegate.swift */ = {isa = PBXFileReference; lastKnownFileType = sourcecode.swift; path = AppDelegate.swift; sourceTree = "<group>"; };
		495CAAB1251C4973007D43B9 /* SceneDelegate.swift */ = {isa = PBXFileReference; lastKnownFileType = sourcecode.swift; path = SceneDelegate.swift; sourceTree = "<group>"; };
		495CAAB3251C4973007D43B9 /* LandmarkDetail.swift */ = {isa = PBXFileReference; lastKnownFileType = sourcecode.swift; path = LandmarkDetail.swift; sourceTree = "<group>"; };
		495CAAB5251C4974007D43B9 /* Assets.xcassets */ = {isa = PBXFileReference; lastKnownFileType = folder.assetcatalog; path = Assets.xcassets; sourceTree = "<group>"; };
		495CAAB8251C4974007D43B9 /* Preview Assets.xcassets */ = {isa = PBXFileReference; lastKnownFileType = folder.assetcatalog; path = "Preview Assets.xcassets"; sourceTree = "<group>"; };
		495CAABB251C4974007D43B9 /* Base */ = {isa = PBXFileReference; lastKnownFileType = file.storyboard; name = Base; path = Base.lproj/LaunchScreen.storyboard; sourceTree = "<group>"; };
		495CAABD251C4974007D43B9 /* Info.plist */ = {isa = PBXFileReference; lastKnownFileType = text.plist.xml; path = Info.plist; sourceTree = "<group>"; };
		495CAAC3251C4F16007D43B9 /* CircleImage.swift */ = {isa = PBXFileReference; lastKnownFileType = sourcecode.swift; path = CircleImage.swift; sourceTree = "<group>"; };
		495CAAC7251C5119007D43B9 /* MapView.swift */ = {isa = PBXFileReference; lastKnownFileType = sourcecode.swift; path = MapView.swift; sourceTree = "<group>"; };
		49EA86CC2522AB4C00FBA363 /* Badge.swift */ = {isa = PBXFileReference; lastKnownFileType = sourcecode.swift; path = Badge.swift; sourceTree = "<group>"; };
		49EA86CE2522ABCD00FBA363 /* BadgeSymbol.swift */ = {isa = PBXFileReference; lastKnownFileType = sourcecode.swift; path = BadgeSymbol.swift; sourceTree = "<group>"; };
/* End PBXFileReference section */

/* Begin PBXFrameworksBuildPhase section */
		495CAAA9251C4973007D43B9 /* Frameworks */ = {
			isa = PBXFrameworksBuildPhase;
			buildActionMask = 2147483647;
			files = (
			);
			runOnlyForDeploymentPostprocessing = 0;
		};
/* End PBXFrameworksBuildPhase section */

/* Begin PBXGroup section */
		492BCFB7251FDC5100966F01 /* Supporting Views */ = {
			isa = PBXGroup;
			children = (
				495CAAC3251C4F16007D43B9 /* CircleImage.swift */,
				495CAAC7251C5119007D43B9 /* MapView.swift */,
				492BCFDE2520030000966F01 /* LandmarkRow.swift */,
				493AA6D02521546F005B9EEE /* BadgeBackground.swift */,
				49EA86CE2522ABCD00FBA363 /* BadgeSymbol.swift */,
				49EA86CC2522AB4C00FBA363 /* Badge.swift */,
			);
			path = "Supporting Views";
			sourceTree = "<group>";
		};
		492BCFB8251FDC9700966F01 /* Models */ = {
			isa = PBXGroup;
			children = (
				493AA6CE25214D8C005B9EEE /* HexagonParameters.swift */,
				492BCFC0251FDD6800966F01 /* Data.swift */,
				492BCFBF251FDD6800966F01 /* Landmark.swift */,
				493C1406252060C50017807F /* UserData.swift */,
			);
			path = Models;
			sourceTree = "<group>";
		};
		492BCFC3251FDD7E00966F01 /* Resources */ = {
			isa = PBXGroup;
			children = (
				493C13ED25204F2A0017807F /* charleyrivers.jpg */,
				493C13F325204F2A0017807F /* chilkoottrail.jpg */,
				493C13F025204F2A0017807F /* chincoteague.jpg */,
				493C13F125204F2A0017807F /* hiddenlake.jpg */,
				493C13EF25204F2A0017807F /* icybay.jpg */,
				493C13F425204F2A0017807F /* lakemcdonald.jpg */,
				493C13F825204F2B0017807F /* landmarkData.json */,
				493C13F525204F2A0017807F /* rainbowlake.jpg */,
				493C13F625204F2A0017807F /* silversalmoncreek.jpg */,
				493C13EC25204F2A0017807F /* stmarylake.jpg */,
				493C13F725204F2A0017807F /* turtlerock.jpg */,
				493C13F225204F2A0017807F /* twinlake.jpg */,
				493C13EE25204F2A0017807F /* umbagog.jpg */,
			);
			path = Resources;
			sourceTree = "<group>";
		};
		495CAAA3251C4973007D43B9 = {
			isa = PBXGroup;
			children = (
				495CAAAE251C4973007D43B9 /* landmarks */,
				495CAAAD251C4973007D43B9 /* Products */,
			);
			sourceTree = "<group>";
		};
		495CAAAD251C4973007D43B9 /* Products */ = {
			isa = PBXGroup;
			children = (
				495CAAAC251C4973007D43B9 /* landmarks.app */,
			);
			name = Products;
			sourceTree = "<group>";
		};
		495CAAAE251C4973007D43B9 /* landmarks */ = {
			isa = PBXGroup;
			children = (
				492BCFC3251FDD7E00966F01 /* Resources */,
				492BCFB8251FDC9700966F01 /* Models */,
				492BCFB7251FDC5100966F01 /* Supporting Views */,
				495CAAAF251C4973007D43B9 /* AppDelegate.swift */,
				495CAAB1251C4973007D43B9 /* SceneDelegate.swift */,
				494A6C302520091B00DE4963 /* LandmarkList.swift */,
				495CAAB3251C4973007D43B9 /* LandmarkDetail.swift */,
				495CAAB5251C4974007D43B9 /* Assets.xcassets */,
				495CAABA251C4974007D43B9 /* LaunchScreen.storyboard */,
				495CAABD251C4974007D43B9 /* Info.plist */,
				495CAAB7251C4974007D43B9 /* Preview Content */,
			);
			path = landmarks;
			sourceTree = "<group>";
		};
		495CAAB7251C4974007D43B9 /* Preview Content */ = {
			isa = PBXGroup;
			children = (
				495CAAB8251C4974007D43B9 /* Preview Assets.xcassets */,
			);
			path = "Preview Content";
			sourceTree = "<group>";
		};
/* End PBXGroup section */

/* Begin PBXNativeTarget section */
		495CAAAB251C4973007D43B9 /* landmarks */ = {
			isa = PBXNativeTarget;
			buildConfigurationList = 495CAAC0251C4974007D43B9 /* Build configuration list for PBXNativeTarget "landmarks" */;
			buildPhases = (
				495CAAA8251C4973007D43B9 /* Sources */,
				495CAAA9251C4973007D43B9 /* Frameworks */,
				495CAAAA251C4973007D43B9 /* Resources */,
			);
			buildRules = (
			);
			dependencies = (
			);
			name = landmarks;
			productName = landmarks;
			productReference = 495CAAAC251C4973007D43B9 /* landmarks.app */;
			productType = "com.apple.product-type.application";
		};
/* End PBXNativeTarget section */

/* Begin PBXProject section */
		495CAAA4251C4973007D43B9 /* Project object */ = {
			isa = PBXProject;
			attributes = {
				LastSwiftUpdateCheck = 1160;
				LastUpgradeCheck = 1160;
				ORGANIZATIONNAME = "Juan Carlo Magat";
				TargetAttributes = {
					495CAAAB251C4973007D43B9 = {
						CreatedOnToolsVersion = 11.6;
					};
				};
			};
			buildConfigurationList = 495CAAA7251C4973007D43B9 /* Build configuration list for PBXProject "landmarks" */;
			compatibilityVersion = "Xcode 9.3";
			developmentRegion = en;
			hasScannedForEncodings = 0;
			knownRegions = (
				en,
				Base,
			);
			mainGroup = 495CAAA3251C4973007D43B9;
			productRefGroup = 495CAAAD251C4973007D43B9 /* Products */;
			projectDirPath = "";
			projectRoot = "";
			targets = (
				495CAAAB251C4973007D43B9 /* landmarks */,
			);
		};
/* End PBXProject section */

/* Begin PBXResourcesBuildPhase section */
		495CAAAA251C4973007D43B9 /* Resources */ = {
			isa = PBXResourcesBuildPhase;
			buildActionMask = 2147483647;
			files = (
				493C13FB25204F2B0017807F /* umbagog.jpg in Resources */,
				493C13FA25204F2B0017807F /* charleyrivers.jpg in Resources */,
				495CAABC251C4974007D43B9 /* LaunchScreen.storyboard in Resources */,
				495CAAB9251C4974007D43B9 /* Preview Assets.xcassets in Resources */,
				493C13F925204F2B0017807F /* stmarylake.jpg in Resources */,
				493C140225204F2B0017807F /* rainbowlake.jpg in Resources */,
				493C13FC25204F2B0017807F /* icybay.jpg in Resources */,
				493C140125204F2B0017807F /* lakemcdonald.jpg in Resources */,
				493C140025204F2B0017807F /* chilkoottrail.jpg in Resources */,
				493C13FF25204F2B0017807F /* twinlake.jpg in Resources */,
				493C13FD25204F2B0017807F /* chincoteague.jpg in Resources */,
				493C140325204F2B0017807F /* silversalmoncreek.jpg in Resources */,
				493C13FE25204F2B0017807F /* hiddenlake.jpg in Resources */,
				493C140525204F2B0017807F /* landmarkData.json in Resources */,
				495CAAB6251C4974007D43B9 /* Assets.xcassets in Resources */,
				493C140425204F2B0017807F /* turtlerock.jpg in Resources */,
			);
			runOnlyForDeploymentPostprocessing = 0;
		};
/* End PBXResourcesBuildPhase section */

/* Begin PBXSourcesBuildPhase section */
		495CAAA8251C4973007D43B9 /* Sources */ = {
			isa = PBXSourcesBuildPhase;
			buildActionMask = 2147483647;
			files = (
				493AA6CF25214D8C005B9EEE /* HexagonParameters.swift in Sources */,
				493AA6D12521546F005B9EEE /* BadgeBackground.swift in Sources */,
				492BCFC2251FDD6800966F01 /* Data.swift in Sources */,
				495CAAB0251C4973007D43B9 /* AppDelegate.swift in Sources */,
				495CAAC4251C4F16007D43B9 /* CircleImage.swift in Sources */,
				495CAAC8251C5119007D43B9 /* MapView.swift in Sources */,
				494A6C312520091B00DE4963 /* LandmarkList.swift in Sources */,
				49EA86CF2522ABCD00FBA363 /* BadgeSymbol.swift in Sources */,
				495CAAB2251C4973007D43B9 /* SceneDelegate.swift in Sources */,
				495CAAB4251C4973007D43B9 /* LandmarkDetail.swift in Sources */,
				492BCFDF2520030000966F01 /* LandmarkRow.swift in Sources */,
				493C1407252060C50017807F /* UserData.swift in Sources */,
				49EA86CD2522AB4C00FBA363 /* Badge.swift in Sources */,
				492BCFC1251FDD6800966F01 /* Landmark.swift in Sources */,
			);
			runOnlyForDeploymentPostprocessing = 0;
		};
/* End PBXSourcesBuildPhase section */

/* Begin PBXVariantGroup section */
		495CAABA251C4974007D43B9 /* LaunchScreen.storyboard */ = {
			isa = PBXVariantGroup;
			children = (
				495CAABB251C4974007D43B9 /* Base */,
			);
			name = LaunchScreen.storyboard;
			sourceTree = "<group>";
		};
/* End PBXVariantGroup section */

/* Begin XCBuildConfiguration section */
		495CAABE251C4974007D43B9 /* Debug */ = {
			isa = XCBuildConfiguration;
			buildSettings = {
				ALWAYS_SEARCH_USER_PATHS = NO;
				CLANG_ANALYZER_NONNULL = YES;
				CLANG_ANALYZER_NUMBER_OBJECT_CONVERSION = YES_AGGRESSIVE;
				CLANG_CXX_LANGUAGE_STANDARD = "gnu++14";
				CLANG_CXX_LIBRARY = "libc++";
				CLANG_ENABLE_MODULES = YES;
				CLANG_ENABLE_OBJC_ARC = YES;
				CLANG_ENABLE_OBJC_WEAK = YES;
				CLANG_WARN_BLOCK_CAPTURE_AUTORELEASING = YES;
				CLANG_WARN_BOOL_CONVERSION = YES;
				CLANG_WARN_COMMA = YES;
				CLANG_WARN_CONSTANT_CONVERSION = YES;
				CLANG_WARN_DEPRECATED_OBJC_IMPLEMENTATIONS = YES;
				CLANG_WARN_DIRECT_OBJC_ISA_USAGE = YES_ERROR;
				CLANG_WARN_DOCUMENTATION_COMMENTS = YES;
				CLANG_WARN_EMPTY_BODY = YES;
				CLANG_WARN_ENUM_CONVERSION = YES;
				CLANG_WARN_INFINITE_RECURSION = YES;
				CLANG_WARN_INT_CONVERSION = YES;
				CLANG_WARN_NON_LITERAL_NULL_CONVERSION = YES;
				CLANG_WARN_OBJC_IMPLICIT_RETAIN_SELF = YES;
				CLANG_WARN_OBJC_LITERAL_CONVERSION = YES;
				CLANG_WARN_OBJC_ROOT_CLASS = YES_ERROR;
				CLANG_WARN_RANGE_LOOP_ANALYSIS = YES;
				CLANG_WARN_STRICT_PROTOTYPES = YES;
				CLANG_WARN_SUSPICIOUS_MOVE = YES;
				CLANG_WARN_UNGUARDED_AVAILABILITY = YES_AGGRESSIVE;
				CLANG_WARN_UNREACHABLE_CODE = YES;
				CLANG_WARN__DUPLICATE_METHOD_MATCH = YES;
				COPY_PHASE_STRIP = NO;
				DEBUG_INFORMATION_FORMAT = dwarf;
				ENABLE_STRICT_OBJC_MSGSEND = YES;
				ENABLE_TESTABILITY = YES;
				GCC_C_LANGUAGE_STANDARD = gnu11;
				GCC_DYNAMIC_NO_PIC = NO;
				GCC_NO_COMMON_BLOCKS = YES;
				GCC_OPTIMIZATION_LEVEL = 0;
				GCC_PREPROCESSOR_DEFINITIONS = (
					"DEBUG=1",
					"$(inherited)",
				);
				GCC_WARN_64_TO_32_BIT_CONVERSION = YES;
				GCC_WARN_ABOUT_RETURN_TYPE = YES_ERROR;
				GCC_WARN_UNDECLARED_SELECTOR = YES;
				GCC_WARN_UNINITIALIZED_AUTOS = YES_AGGRESSIVE;
				GCC_WARN_UNUSED_FUNCTION = YES;
				GCC_WARN_UNUSED_VARIABLE = YES;
				IPHONEOS_DEPLOYMENT_TARGET = 13.6;
				MTL_ENABLE_DEBUG_INFO = INCLUDE_SOURCE;
				MTL_FAST_MATH = YES;
				ONLY_ACTIVE_ARCH = YES;
				SDKROOT = iphoneos;
				SWIFT_ACTIVE_COMPILATION_CONDITIONS = DEBUG;
				SWIFT_OPTIMIZATION_LEVEL = "-Onone";
			};
			name = Debug;
		};
		495CAABF251C4974007D43B9 /* Release */ = {
			isa = XCBuildConfiguration;
			buildSettings = {
				ALWAYS_SEARCH_USER_PATHS = NO;
				CLANG_ANALYZER_NONNULL = YES;
				CLANG_ANALYZER_NUMBER_OBJECT_CONVERSION = YES_AGGRESSIVE;
				CLANG_CXX_LANGUAGE_STANDARD = "gnu++14";
				CLANG_CXX_LIBRARY = "libc++";
				CLANG_ENABLE_MODULES = YES;
				CLANG_ENABLE_OBJC_ARC = YES;
				CLANG_ENABLE_OBJC_WEAK = YES;
				CLANG_WARN_BLOCK_CAPTURE_AUTORELEASING = YES;
				CLANG_WARN_BOOL_CONVERSION = YES;
				CLANG_WARN_COMMA = YES;
				CLANG_WARN_CONSTANT_CONVERSION = YES;
				CLANG_WARN_DEPRECATED_OBJC_IMPLEMENTATIONS = YES;
				CLANG_WARN_DIRECT_OBJC_ISA_USAGE = YES_ERROR;
				CLANG_WARN_DOCUMENTATION_COMMENTS = YES;
				CLANG_WARN_EMPTY_BODY = YES;
				CLANG_WARN_ENUM_CONVERSION = YES;
				CLANG_WARN_INFINITE_RECURSION = YES;
				CLANG_WARN_INT_CONVERSION = YES;
				CLANG_WARN_NON_LITERAL_NULL_CONVERSION = YES;
				CLANG_WARN_OBJC_IMPLICIT_RETAIN_SELF = YES;
				CLANG_WARN_OBJC_LITERAL_CONVERSION = YES;
				CLANG_WARN_OBJC_ROOT_CLASS = YES_ERROR;
				CLANG_WARN_RANGE_LOOP_ANALYSIS = YES;
				CLANG_WARN_STRICT_PROTOTYPES = YES;
				CLANG_WARN_SUSPICIOUS_MOVE = YES;
				CLANG_WARN_UNGUARDED_AVAILABILITY = YES_AGGRESSIVE;
				CLANG_WARN_UNREACHABLE_CODE = YES;
				CLANG_WARN__DUPLICATE_METHOD_MATCH = YES;
				COPY_PHASE_STRIP = NO;
				DEBUG_INFORMATION_FORMAT = "dwarf-with-dsym";
				ENABLE_NS_ASSERTIONS = NO;
				ENABLE_STRICT_OBJC_MSGSEND = YES;
				GCC_C_LANGUAGE_STANDARD = gnu11;
				GCC_NO_COMMON_BLOCKS = YES;
				GCC_WARN_64_TO_32_BIT_CONVERSION = YES;
				GCC_WARN_ABOUT_RETURN_TYPE = YES_ERROR;
				GCC_WARN_UNDECLARED_SELECTOR = YES;
				GCC_WARN_UNINITIALIZED_AUTOS = YES_AGGRESSIVE;
				GCC_WARN_UNUSED_FUNCTION = YES;
				GCC_WARN_UNUSED_VARIABLE = YES;
				IPHONEOS_DEPLOYMENT_TARGET = 13.6;
				MTL_ENABLE_DEBUG_INFO = NO;
				MTL_FAST_MATH = YES;
				SDKROOT = iphoneos;
				SWIFT_COMPILATION_MODE = wholemodule;
				SWIFT_OPTIMIZATION_LEVEL = "-O";
				VALIDATE_PRODUCT = YES;
			};
			name = Release;
		};
		495CAAC1251C4974007D43B9 /* Debug */ = {
			isa = XCBuildConfiguration;
			buildSettings = {
				ASSETCATALOG_COMPILER_APPICON_NAME = AppIcon;
				CODE_SIGN_STYLE = Automatic;
				DEVELOPMENT_ASSET_PATHS = "\"landmarks/Preview Content\"";
				ENABLE_PREVIEWS = YES;
				INFOPLIST_FILE = landmarks/Info.plist;
				LD_RUNPATH_SEARCH_PATHS = (
					"$(inherited)",
					"@executable_path/Frameworks",
				);
				PRODUCT_BUNDLE_IDENTIFIER = "Juan-Carlo-Magat.landmarks";
				PRODUCT_NAME = "$(TARGET_NAME)";
				SWIFT_VERSION = 5.0;
				TARGETED_DEVICE_FAMILY = "1,2";
			};
			name = Debug;
		};
		495CAAC2251C4974007D43B9 /* Release */ = {
			isa = XCBuildConfiguration;
			buildSettings = {
				ASSETCATALOG_COMPILER_APPICON_NAME = AppIcon;
				CODE_SIGN_STYLE = Automatic;
				DEVELOPMENT_ASSET_PATHS = "\"landmarks/Preview Content\"";
				ENABLE_PREVIEWS = YES;
				INFOPLIST_FILE = landmarks/Info.plist;
				LD_RUNPATH_SEARCH_PATHS = (
					"$(inherited)",
					"@executable_path/Frameworks",
				);
				PRODUCT_BUNDLE_IDENTIFIER = "Juan-Carlo-Magat.landmarks";
				PRODUCT_NAME = "$(TARGET_NAME)";
				SWIFT_VERSION = 5.0;
				TARGETED_DEVICE_FAMILY = "1,2";
			};
			name = Release;
		};
/* End XCBuildConfiguration section */

/* Begin XCConfigurationList section */
		495CAAA7251C4973007D43B9 /* Build configuration list for PBXProject "landmarks" */ = {
			isa = XCConfigurationList;
			buildConfigurations = (
				495CAABE251C4974007D43B9 /* Debug */,
				495CAABF251C4974007D43B9 /* Release */,
			);
			defaultConfigurationIsVisible = 0;
			defaultConfigurationName = Release;
		};
		495CAAC0251C4974007D43B9 /* Build configuration list for PBXNativeTarget "landmarks" */ = {
			isa = XCConfigurationList;
			buildConfigurations = (
				495CAAC1251C4974007D43B9 /* Debug */,
				495CAAC2251C4974007D43B9 /* Release */,
			);
			defaultConfigurationIsVisible = 0;
			defaultConfigurationName = Release;
		};
/* End XCConfigurationList section */
	};
	rootObject = 495CAAA4251C4973007D43B9 /* Project object */;
}
